
Microsoft Visual Studio Solution File, Format Version 12.00
# Visual Studio 15
VisualStudioVersion = 15.0.26730.8
MinimumVisualStudioVersion = 10.0.40219.1
Project("{FAE04EC0-301F-11D3-BF4B-00C04F79EFBC}") = "Jellison_Payton", "Jellison_Payton\Jellison_Payton.csproj", "{BE6CC561-6F41-4920-82C5-308E19EA3A62}"
EndProject
Global
	GlobalSection(SolutionConfigurationPlatforms) = preSolution
		Debug|Any CPU = Debug|Any CPU
		Release|Any CPU = Release|Any CPU
	EndGlobalSection
	GlobalSection(ProjectConfigurationPlatforms) = postSolution
		{BE6CC561-6F41-4920-82C5-308E19EA3A62}.Debug|Any CPU.ActiveCfg = Debug|Any CPU
		{BE6CC561-6F41-4920-82C5-308E19EA3A62}.Debug|Any CPU.Build.0 = Debug|Any CPU
		{BE6CC561-6F41-4920-82C5-308E19EA3A62}.Release|Any CPU.ActiveCfg = Release|Any CPU
		{BE6CC561-6F41-4920-82C5-308E19EA3A62}.Release|Any CPU.Build.0 = Release|Any CPU
	EndGlobalSection
	GlobalSection(SolutionProperties) = preSolution
		HideSolutionNode = FALSE
	EndGlobalSection
	GlobalSection(ExtensibilityGlobals) = postSolution
		SolutionGuid = {371FC4F0-C8FF-4CD3-868D-5358C1C4EEE2}
	EndGlobalSection
EndGlobal
